// !$*UTF8*$!
{
	archiveVersion = 1;
	classes = {
	};
	objectVersion = 55;
	objects = {

/* Begin PBXBuildFile section */
		660FF36927A2B42500223B02 /* Podfile in Resources */ = {isa = PBXBuildFile; fileRef = 660FF36827A2B42500223B02 /* Podfile */; };
		664A35F527722FA1001098FA /* AppDelegate.swift in Sources */ = {isa = PBXBuildFile; fileRef = 664A35F427722FA1001098FA /* AppDelegate.swift */; };
		664A35F727722FA1001098FA /* SceneDelegate.swift in Sources */ = {isa = PBXBuildFile; fileRef = 664A35F627722FA1001098FA /* SceneDelegate.swift */; };
		664A35F927722FA1001098FA /* TrendingViewController.swift in Sources */ = {isa = PBXBuildFile; fileRef = 664A35F827722FA1001098FA /* TrendingViewController.swift */; };
		664A35FC27722FA1001098FA /* Main.storyboard in Resources */ = {isa = PBXBuildFile; fileRef = 664A35FA27722FA1001098FA /* Main.storyboard */; };
		664A360127722FA3001098FA /* LaunchScreen.storyboard in Resources */ = {isa = PBXBuildFile; fileRef = 664A35FF27722FA3001098FA /* LaunchScreen.storyboard */; };
		664A360D2772413D001098FA /* TrendingCollectionViewCell.swift in Sources */ = {isa = PBXBuildFile; fileRef = 664A360B2772413D001098FA /* TrendingCollectionViewCell.swift */; };
		664A360E2772413D001098FA /* TrendingCollectionViewCell.xib in Resources */ = {isa = PBXBuildFile; fileRef = 664A360C2772413D001098FA /* TrendingCollectionViewCell.xib */; };
		664A3610277241DB001098FA /* WatchLaterViewController.swift in Sources */ = {isa = PBXBuildFile; fileRef = 664A360F277241DB001098FA /* WatchLaterViewController.swift */; };
		664A361427724215001098FA /* WatchLaterCollectionViewCell.swift in Sources */ = {isa = PBXBuildFile; fileRef = 664A361227724215001098FA /* WatchLaterCollectionViewCell.swift */; };
		664A361527724215001098FA /* WatchLaterCollectionViewCell.xib in Resources */ = {isa = PBXBuildFile; fileRef = 664A361327724215001098FA /* WatchLaterCollectionViewCell.xib */; };
		664A36172772425E001098FA /* DetailsViewController.swift in Sources */ = {isa = PBXBuildFile; fileRef = 664A36162772425E001098FA /* DetailsViewController.swift */; };
		666C988427871FCD00514C42 /* deleteAnimation.json in Resources */ = {isa = PBXBuildFile; fileRef = 666C988327871FCD00514C42 /* deleteAnimation.json */; };
		6676FBF327773E2600CC6FC1 /* MovieTrailersRelults.swift in Sources */ = {isa = PBXBuildFile; fileRef = 6676FBF127773E2600CC6FC1 /* MovieTrailersRelults.swift */; };
		6676FBF427773E2600CC6FC1 /* MovieTrailersRelultsModel.swift in Sources */ = {isa = PBXBuildFile; fileRef = 6676FBF227773E2600CC6FC1 /* MovieTrailersRelultsModel.swift */; };
		6676FBF92777522900CC6FC1 /* TvTrailersRelultsModel.swift in Sources */ = {isa = PBXBuildFile; fileRef = 6676FBF72777522800CC6FC1 /* TvTrailersRelultsModel.swift */; };
		6676FBFA2777522900CC6FC1 /* TvTrailersRelults.swift in Sources */ = {isa = PBXBuildFile; fileRef = 6676FBF82777522900CC6FC1 /* TvTrailersRelults.swift */; };
		6676FC042777775900CC6FC1 /* Assets.xcassets in Resources */ = {isa = PBXBuildFile; fileRef = 6676FC032777775900CC6FC1 /* Assets.xcassets */; };
		66822396279EF88E00664ED3 /* Constants.swift in Sources */ = {isa = PBXBuildFile; fileRef = 66822395279EF88E00664ED3 /* Constants.swift */; };
		66822398279F53DA00664ED3 /* WatchLaterDeleteDelegate.swift in Sources */ = {isa = PBXBuildFile; fileRef = 66822397279F53DA00664ED3 /* WatchLaterDeleteDelegate.swift */; };
		668F11D52775C8FF00F7D968 /* TvResults.swift in Sources */ = {isa = PBXBuildFile; fileRef = 668F11D32775C8FF00F7D968 /* TvResults.swift */; };
		668F11D62775C8FF00F7D968 /* TvResultsModel.swift in Sources */ = {isa = PBXBuildFile; fileRef = 668F11D42775C8FF00F7D968 /* TvResultsModel.swift */; };
		668F11D92775C90E00F7D968 /* MoviesResultsModel.swift in Sources */ = {isa = PBXBuildFile; fileRef = 668F11D72775C90E00F7D968 /* MoviesResultsModel.swift */; };
		668F11DA2775C90E00F7D968 /* MoviesResults.swift in Sources */ = {isa = PBXBuildFile; fileRef = 668F11D82775C90E00F7D968 /* MoviesResults.swift */; };
		668F11DE2775C91800F7D968 /* MovieCastResults.swift in Sources */ = {isa = PBXBuildFile; fileRef = 668F11DB2775C91700F7D968 /* MovieCastResults.swift */; };
		668F11DF2775C91800F7D968 /* MovieCrewResults.swift in Sources */ = {isa = PBXBuildFile; fileRef = 668F11DC2775C91800F7D968 /* MovieCrewResults.swift */; };
		668F11E02775C91800F7D968 /* MovieCastAndCrewResultsModel.swift in Sources */ = {isa = PBXBuildFile; fileRef = 668F11DD2775C91800F7D968 /* MovieCastAndCrewResultsModel.swift */; };
		668F11E22775CC2800F7D968 /* RequestManager.swift in Sources */ = {isa = PBXBuildFile; fileRef = 668F11E12775CC2800F7D968 /* RequestManager.swift */; };
		66998317279D81CD00E673CE /* MoviesResultsToSaveToWatchLater.swift in Sources */ = {isa = PBXBuildFile; fileRef = 66998316279D81CD00E673CE /* MoviesResultsToSaveToWatchLater.swift */; };
		66998319279D81F600E673CE /* TvResultsToSaveToWatchLater.swift in Sources */ = {isa = PBXBuildFile; fileRef = 66998318279D81F600E673CE /* TvResultsToSaveToWatchLater.swift */; };
		6699831B279D831F00E673CE /* TrendingViewControllerViewModel.swift in Sources */ = {isa = PBXBuildFile; fileRef = 6699831A279D831F00E673CE /* TrendingViewControllerViewModel.swift */; };
		6699831D279DB5CF00E673CE /* DetailsViewControllerViewModel.swift in Sources */ = {isa = PBXBuildFile; fileRef = 6699831C279DB5CF00E673CE /* DetailsViewControllerViewModel.swift */; };
		6699831F279DC41600E673CE /* WatchLaterViewControllerViewModel.swift in Sources */ = {isa = PBXBuildFile; fileRef = 6699831E279DC41600E673CE /* WatchLaterViewControllerViewModel.swift */; };
		6699B21A27766B09003A4402 /* TvCrewResults.swift in Sources */ = {isa = PBXBuildFile; fileRef = 6699B21727766B09003A4402 /* TvCrewResults.swift */; };
		6699B21B27766B09003A4402 /* TvCastResults.swift in Sources */ = {isa = PBXBuildFile; fileRef = 6699B21827766B09003A4402 /* TvCastResults.swift */; };
		6699B21C27766B09003A4402 /* TvCastAndCrewResultsModel.swift in Sources */ = {isa = PBXBuildFile; fileRef = 6699B21927766B09003A4402 /* TvCastAndCrewResultsModel.swift */; };
		66CF1CEB2775367100FBB614 /* DetailsCollectionViewCell.swift in Sources */ = {isa = PBXBuildFile; fileRef = 66CF1CE92775367100FBB614 /* DetailsCollectionViewCell.swift */; };
		66CF1CEC2775367100FBB614 /* DetailsCollectionViewCell.xib in Resources */ = {isa = PBXBuildFile; fileRef = 66CF1CEA2775367100FBB614 /* DetailsCollectionViewCell.xib */; };
		66DC45A1277896C800CD1FB1 /* heartAnimation.json in Resources */ = {isa = PBXBuildFile; fileRef = 66DC45A0277896C800CD1FB1 /* heartAnimation.json */; };
		66F5E91927737A9B002F8EC1 /* DataManager.swift in Sources */ = {isa = PBXBuildFile; fileRef = 66F5E91827737A9B002F8EC1 /* DataManager.swift */; };
		80226D0440C91D14899412FF /* Pods_CourseProject.framework in Frameworks */ = {isa = PBXBuildFile; fileRef = 71439C5DF2EE435E2B18AFEF /* Pods_CourseProject.framework */; };
/* End PBXBuildFile section */

/* Begin PBXFileReference section */
		081021ADDDA201CD0E9881EA /* Pods-CourseProject.debug.xcconfig */ = {isa = PBXFileReference; includeInIndex = 1; lastKnownFileType = text.xcconfig; name = "Pods-CourseProject.debug.xcconfig"; path = "Target Support Files/Pods-CourseProject/Pods-CourseProject.debug.xcconfig"; sourceTree = "<group>"; };
		12A5117487603143D74A4446 /* Pods-CourseProject.release.xcconfig */ = {isa = PBXFileReference; includeInIndex = 1; lastKnownFileType = text.xcconfig; name = "Pods-CourseProject.release.xcconfig"; path = "Target Support Files/Pods-CourseProject/Pods-CourseProject.release.xcconfig"; sourceTree = "<group>"; };
		660FF36827A2B42500223B02 /* Podfile */ = {isa = PBXFileReference; fileEncoding = 4; lastKnownFileType = text; path = Podfile; sourceTree = SOURCE_ROOT; };
		664A35F127722FA1001098FA /* CourseProject.app */ = {isa = PBXFileReference; explicitFileType = wrapper.application; includeInIndex = 0; path = CourseProject.app; sourceTree = BUILT_PRODUCTS_DIR; };
		664A35F427722FA1001098FA /* AppDelegate.swift */ = {isa = PBXFileReference; lastKnownFileType = sourcecode.swift; path = AppDelegate.swift; sourceTree = "<group>"; };
		664A35F627722FA1001098FA /* SceneDelegate.swift */ = {isa = PBXFileReference; lastKnownFileType = sourcecode.swift; path = SceneDelegate.swift; sourceTree = "<group>"; };
		664A35F827722FA1001098FA /* TrendingViewController.swift */ = {isa = PBXFileReference; lastKnownFileType = sourcecode.swift; path = TrendingViewController.swift; sourceTree = "<group>"; };
		664A35FB27722FA1001098FA /* Base */ = {isa = PBXFileReference; lastKnownFileType = file.storyboard; name = Base; path = Base.lproj/Main.storyboard; sourceTree = "<group>"; };
		664A360027722FA3001098FA /* Base */ = {isa = PBXFileReference; lastKnownFileType = file.storyboard; name = Base; path = Base.lproj/LaunchScreen.storyboard; sourceTree = "<group>"; };
		664A360227722FA3001098FA /* Info.plist */ = {isa = PBXFileReference; lastKnownFileType = text.plist.xml; path = Info.plist; sourceTree = "<group>"; };
		664A360B2772413D001098FA /* TrendingCollectionViewCell.swift */ = {isa = PBXFileReference; lastKnownFileType = sourcecode.swift; path = TrendingCollectionViewCell.swift; sourceTree = "<group>"; };
		664A360C2772413D001098FA /* TrendingCollectionViewCell.xib */ = {isa = PBXFileReference; lastKnownFileType = file.xib; path = TrendingCollectionViewCell.xib; sourceTree = "<group>"; };
		664A360F277241DB001098FA /* WatchLaterViewController.swift */ = {isa = PBXFileReference; lastKnownFileType = sourcecode.swift; path = WatchLaterViewController.swift; sourceTree = "<group>"; };
		664A361227724215001098FA /* WatchLaterCollectionViewCell.swift */ = {isa = PBXFileReference; lastKnownFileType = sourcecode.swift; path = WatchLaterCollectionViewCell.swift; sourceTree = "<group>"; };
		664A361327724215001098FA /* WatchLaterCollectionViewCell.xib */ = {isa = PBXFileReference; lastKnownFileType = file.xib; path = WatchLaterCollectionViewCell.xib; sourceTree = "<group>"; };
		664A36162772425E001098FA /* DetailsViewController.swift */ = {isa = PBXFileReference; lastKnownFileType = sourcecode.swift; path = DetailsViewController.swift; sourceTree = "<group>"; };
		666C988327871FCD00514C42 /* deleteAnimation.json */ = {isa = PBXFileReference; fileEncoding = 4; lastKnownFileType = text.json; path = deleteAnimation.json; sourceTree = "<group>"; };
		6676FBF127773E2600CC6FC1 /* MovieTrailersRelults.swift */ = {isa = PBXFileReference; fileEncoding = 4; lastKnownFileType = sourcecode.swift; path = MovieTrailersRelults.swift; sourceTree = "<group>"; };
		6676FBF227773E2600CC6FC1 /* MovieTrailersRelultsModel.swift */ = {isa = PBXFileReference; fileEncoding = 4; lastKnownFileType = sourcecode.swift; path = MovieTrailersRelultsModel.swift; sourceTree = "<group>"; };
		6676FBF72777522800CC6FC1 /* TvTrailersRelultsModel.swift */ = {isa = PBXFileReference; fileEncoding = 4; lastKnownFileType = sourcecode.swift; path = TvTrailersRelultsModel.swift; sourceTree = "<group>"; };
		6676FBF82777522900CC6FC1 /* TvTrailersRelults.swift */ = {isa = PBXFileReference; fileEncoding = 4; lastKnownFileType = sourcecode.swift; path = TvTrailersRelults.swift; sourceTree = "<group>"; };
		6676FC032777775900CC6FC1 /* Assets.xcassets */ = {isa = PBXFileReference; lastKnownFileType = folder.assetcatalog; path = Assets.xcassets; sourceTree = "<group>"; };
		66822395279EF88E00664ED3 /* Constants.swift */ = {isa = PBXFileReference; lastKnownFileType = sourcecode.swift; path = Constants.swift; sourceTree = "<group>"; };
		66822397279F53DA00664ED3 /* WatchLaterDeleteDelegate.swift */ = {isa = PBXFileReference; lastKnownFileType = sourcecode.swift; path = WatchLaterDeleteDelegate.swift; sourceTree = "<group>"; };
		668F11D32775C8FF00F7D968 /* TvResults.swift */ = {isa = PBXFileReference; fileEncoding = 4; lastKnownFileType = sourcecode.swift; path = TvResults.swift; sourceTree = "<group>"; };
		668F11D42775C8FF00F7D968 /* TvResultsModel.swift */ = {isa = PBXFileReference; fileEncoding = 4; lastKnownFileType = sourcecode.swift; path = TvResultsModel.swift; sourceTree = "<group>"; };
		668F11D72775C90E00F7D968 /* MoviesResultsModel.swift */ = {isa = PBXFileReference; fileEncoding = 4; lastKnownFileType = sourcecode.swift; path = MoviesResultsModel.swift; sourceTree = "<group>"; };
		668F11D82775C90E00F7D968 /* MoviesResults.swift */ = {isa = PBXFileReference; fileEncoding = 4; lastKnownFileType = sourcecode.swift; path = MoviesResults.swift; sourceTree = "<group>"; };
		668F11DB2775C91700F7D968 /* MovieCastResults.swift */ = {isa = PBXFileReference; fileEncoding = 4; lastKnownFileType = sourcecode.swift; path = MovieCastResults.swift; sourceTree = "<group>"; };
		668F11DC2775C91800F7D968 /* MovieCrewResults.swift */ = {isa = PBXFileReference; fileEncoding = 4; lastKnownFileType = sourcecode.swift; path = MovieCrewResults.swift; sourceTree = "<group>"; };
		668F11DD2775C91800F7D968 /* MovieCastAndCrewResultsModel.swift */ = {isa = PBXFileReference; fileEncoding = 4; lastKnownFileType = sourcecode.swift; path = MovieCastAndCrewResultsModel.swift; sourceTree = "<group>"; };
		668F11E12775CC2800F7D968 /* RequestManager.swift */ = {isa = PBXFileReference; lastKnownFileType = sourcecode.swift; path = RequestManager.swift; sourceTree = "<group>"; };
		66998316279D81CD00E673CE /* MoviesResultsToSaveToWatchLater.swift */ = {isa = PBXFileReference; lastKnownFileType = sourcecode.swift; path = MoviesResultsToSaveToWatchLater.swift; sourceTree = "<group>"; };
		66998318279D81F600E673CE /* TvResultsToSaveToWatchLater.swift */ = {isa = PBXFileReference; lastKnownFileType = sourcecode.swift; path = TvResultsToSaveToWatchLater.swift; sourceTree = "<group>"; };
		6699831A279D831F00E673CE /* TrendingViewControllerViewModel.swift */ = {isa = PBXFileReference; lastKnownFileType = sourcecode.swift; path = TrendingViewControllerViewModel.swift; sourceTree = "<group>"; };
		6699831C279DB5CF00E673CE /* DetailsViewControllerViewModel.swift */ = {isa = PBXFileReference; lastKnownFileType = sourcecode.swift; path = DetailsViewControllerViewModel.swift; sourceTree = "<group>"; };
		6699831E279DC41600E673CE /* WatchLaterViewControllerViewModel.swift */ = {isa = PBXFileReference; lastKnownFileType = sourcecode.swift; path = WatchLaterViewControllerViewModel.swift; sourceTree = "<group>"; };
		6699B21727766B09003A4402 /* TvCrewResults.swift */ = {isa = PBXFileReference; fileEncoding = 4; lastKnownFileType = sourcecode.swift; path = TvCrewResults.swift; sourceTree = "<group>"; };
		6699B21827766B09003A4402 /* TvCastResults.swift */ = {isa = PBXFileReference; fileEncoding = 4; lastKnownFileType = sourcecode.swift; path = TvCastResults.swift; sourceTree = "<group>"; };
		6699B21927766B09003A4402 /* TvCastAndCrewResultsModel.swift */ = {isa = PBXFileReference; fileEncoding = 4; lastKnownFileType = sourcecode.swift; path = TvCastAndCrewResultsModel.swift; sourceTree = "<group>"; };
		66CF1CE92775367100FBB614 /* DetailsCollectionViewCell.swift */ = {isa = PBXFileReference; lastKnownFileType = sourcecode.swift; path = DetailsCollectionViewCell.swift; sourceTree = "<group>"; };
		66CF1CEA2775367100FBB614 /* DetailsCollectionViewCell.xib */ = {isa = PBXFileReference; lastKnownFileType = file.xib; path = DetailsCollectionViewCell.xib; sourceTree = "<group>"; };
		66DC45A0277896C800CD1FB1 /* heartAnimation.json */ = {isa = PBXFileReference; fileEncoding = 4; lastKnownFileType = text.json; path = heartAnimation.json; sourceTree = "<group>"; };
		66F5E91827737A9B002F8EC1 /* DataManager.swift */ = {isa = PBXFileReference; lastKnownFileType = sourcecode.swift; path = DataManager.swift; sourceTree = "<group>"; };
		71439C5DF2EE435E2B18AFEF /* Pods_CourseProject.framework */ = {isa = PBXFileReference; explicitFileType = wrapper.framework; includeInIndex = 0; path = Pods_CourseProject.framework; sourceTree = BUILT_PRODUCTS_DIR; };
/* End PBXFileReference section */

/* Begin PBXFrameworksBuildPhase section */
		664A35EE27722FA1001098FA /* Frameworks */ = {
			isa = PBXFrameworksBuildPhase;
			buildActionMask = 2147483647;
			files = (
				80226D0440C91D14899412FF /* Pods_CourseProject.framework in Frameworks */,
			);
			runOnlyForDeploymentPostprocessing = 0;
		};
/* End PBXFrameworksBuildPhase section */

/* Begin PBXGroup section */
		1C5CB3B5483A05AA181B92BC /* Frameworks */ = {
			isa = PBXGroup;
			children = (
				71439C5DF2EE435E2B18AFEF /* Pods_CourseProject.framework */,
			);
			name = Frameworks;
			sourceTree = "<group>";
		};
		44AAC501DA9EB12DB2CB01AE /* Pods */ = {
			isa = PBXGroup;
			children = (
				081021ADDDA201CD0E9881EA /* Pods-CourseProject.debug.xcconfig */,
				12A5117487603143D74A4446 /* Pods-CourseProject.release.xcconfig */,
			);
			path = Pods;
			sourceTree = "<group>";
		};
		664A35E827722FA1001098FA = {
			isa = PBXGroup;
			children = (
				664A35F327722FA1001098FA /* CourseProject */,
				664A35F227722FA1001098FA /* Products */,
				44AAC501DA9EB12DB2CB01AE /* Pods */,
				1C5CB3B5483A05AA181B92BC /* Frameworks */,
			);
			sourceTree = "<group>";
		};
		664A35F227722FA1001098FA /* Products */ = {
			isa = PBXGroup;
			children = (
				664A35F127722FA1001098FA /* CourseProject.app */,
			);
			name = Products;
			sourceTree = "<group>";
		};
		664A35F327722FA1001098FA /* CourseProject */ = {
			isa = PBXGroup;
			children = (
				664A35FA27722FA1001098FA /* Main.storyboard */,
				664A360227722FA3001098FA /* Info.plist */,
				66DC45A82778E37000CD1FB1 /* Animations */,
				66998308279D614C00E673CE /* DefaultFiles */,
				66998309279D805500E673CE /* Modules */,
				668F11E32775CC3100F7D968 /* Managers */,
			);
			path = CourseProject;
			sourceTree = "<group>";
		};
		664A360A27724119001098FA /* TrendingCollectionViewCell */ = {
			isa = PBXGroup;
			children = (
				664A360B2772413D001098FA /* TrendingCollectionViewCell.swift */,
				664A360C2772413D001098FA /* TrendingCollectionViewCell.xib */,
			);
			path = TrendingCollectionViewCell;
			sourceTree = "<group>";
		};
		664A3611277241F4001098FA /* WatchLaterCollectionViewCell */ = {
			isa = PBXGroup;
			children = (
				664A361227724215001098FA /* WatchLaterCollectionViewCell.swift */,
				664A361327724215001098FA /* WatchLaterCollectionViewCell.xib */,
			);
			path = WatchLaterCollectionViewCell;
			sourceTree = "<group>";
		};
		668F11E32775CC3100F7D968 /* Managers */ = {
			isa = PBXGroup;
			children = (
				668F11E12775CC2800F7D968 /* RequestManager.swift */,
				66F5E91827737A9B002F8EC1 /* DataManager.swift */,
			);
			path = Managers;
			sourceTree = "<group>";
		};
		66998308279D614C00E673CE /* DefaultFiles */ = {
			isa = PBXGroup;
			children = (
				660FF36827A2B42500223B02 /* Podfile */,
				664A35F427722FA1001098FA /* AppDelegate.swift */,
				664A35F627722FA1001098FA /* SceneDelegate.swift */,
				6676FC032777775900CC6FC1 /* Assets.xcassets */,
				664A35FF27722FA3001098FA /* LaunchScreen.storyboard */,
			);
			path = DefaultFiles;
			sourceTree = "<group>";
		};
		66998309279D805500E673CE /* Modules */ = {
			isa = PBXGroup;
			children = (
				6699830D279D809500E673CE /* Trending */,
				6699830F279D80AC00E673CE /* Details */,
				6699830E279D80A400E673CE /* WatchLater */,
				66822395279EF88E00664ED3 /* Constants.swift */,
				66822397279F53DA00664ED3 /* WatchLaterDeleteDelegate.swift */,
			);
			path = Modules;
			sourceTree = "<group>";
		};
		6699830A279D805B00E673CE /* Models */ = {
			isa = PBXGroup;
			children = (
				668F11D32775C8FF00F7D968 /* TvResults.swift */,
				668F11D42775C8FF00F7D968 /* TvResultsModel.swift */,
				668F11D82775C90E00F7D968 /* MoviesResults.swift */,
				668F11D72775C90E00F7D968 /* MoviesResultsModel.swift */,
			);
			path = Models;
			sourceTree = "<group>";
		};
		6699830B279D807700E673CE /* View */ = {
			isa = PBXGroup;
			children = (
				664A35F827722FA1001098FA /* TrendingViewController.swift */,
			);
			path = View;
			sourceTree = "<group>";
		};
		6699830C279D807B00E673CE /* ViewModel */ = {
			isa = PBXGroup;
			children = (
				6699831A279D831F00E673CE /* TrendingViewControllerViewModel.swift */,
			);
			path = ViewModel;
			sourceTree = "<group>";
		};
		6699830D279D809500E673CE /* Trending */ = {
			isa = PBXGroup;
			children = (
				664A360A27724119001098FA /* TrendingCollectionViewCell */,
				6699830A279D805B00E673CE /* Models */,
				6699830B279D807700E673CE /* View */,
				6699830C279D807B00E673CE /* ViewModel */,
			);
			path = Trending;
			sourceTree = "<group>";
		};
		6699830E279D80A400E673CE /* WatchLater */ = {
			isa = PBXGroup;
			children = (
				664A3611277241F4001098FA /* WatchLaterCollectionViewCell */,
				66998312279D80BA00E673CE /* ViewModel */,
				66998311279D80B600E673CE /* View */,
				66998310279D80B200E673CE /* Models */,
			);
			path = WatchLater;
			sourceTree = "<group>";
		};
		6699830F279D80AC00E673CE /* Details */ = {
			isa = PBXGroup;
			children = (
				66CF1CE82775364B00FBB614 /* DetailsCollectionViewCell */,
				66998315279D80CA00E673CE /* Models */,
				66998314279D80C600E673CE /* View */,
				66998313279D80C000E673CE /* ViewModel */,
			);
			path = Details;
			sourceTree = "<group>";
		};
		66998310279D80B200E673CE /* Models */ = {
			isa = PBXGroup;
			children = (
				66998316279D81CD00E673CE /* MoviesResultsToSaveToWatchLater.swift */,
				66998318279D81F600E673CE /* TvResultsToSaveToWatchLater.swift */,
			);
			path = Models;
			sourceTree = "<group>";
		};
		66998311279D80B600E673CE /* View */ = {
			isa = PBXGroup;
			children = (
				664A360F277241DB001098FA /* WatchLaterViewController.swift */,
			);
			path = View;
			sourceTree = "<group>";
		};
		66998312279D80BA00E673CE /* ViewModel */ = {
			isa = PBXGroup;
			children = (
				6699831E279DC41600E673CE /* WatchLaterViewControllerViewModel.swift */,
			);
			path = ViewModel;
			sourceTree = "<group>";
		};
		66998313279D80C000E673CE /* ViewModel */ = {
			isa = PBXGroup;
			children = (
				6699831C279DB5CF00E673CE /* DetailsViewControllerViewModel.swift */,
			);
			path = ViewModel;
			sourceTree = "<group>";
		};
		66998314279D80C600E673CE /* View */ = {
			isa = PBXGroup;
			children = (
				664A36162772425E001098FA /* DetailsViewController.swift */,
			);
			path = View;
			sourceTree = "<group>";
		};
		66998315279D80CA00E673CE /* Models */ = {
			isa = PBXGroup;
			children = (
				668F11DD2775C91800F7D968 /* MovieCastAndCrewResultsModel.swift */,
				668F11DB2775C91700F7D968 /* MovieCastResults.swift */,
				668F11DC2775C91800F7D968 /* MovieCrewResults.swift */,
				6676FBF227773E2600CC6FC1 /* MovieTrailersRelultsModel.swift */,
				6676FBF127773E2600CC6FC1 /* MovieTrailersRelults.swift */,
				6676FBF72777522800CC6FC1 /* TvTrailersRelultsModel.swift */,
				6676FBF82777522900CC6FC1 /* TvTrailersRelults.swift */,
				6699B21827766B09003A4402 /* TvCastResults.swift */,
				6699B21727766B09003A4402 /* TvCrewResults.swift */,
				6699B21927766B09003A4402 /* TvCastAndCrewResultsModel.swift */,
			);
			path = Models;
			sourceTree = "<group>";
		};
		66CF1CE82775364B00FBB614 /* DetailsCollectionViewCell */ = {
			isa = PBXGroup;
			children = (
				66CF1CE92775367100FBB614 /* DetailsCollectionViewCell.swift */,
				66CF1CEA2775367100FBB614 /* DetailsCollectionViewCell.xib */,
			);
			path = DetailsCollectionViewCell;
			sourceTree = "<group>";
		};
		66DC45A82778E37000CD1FB1 /* Animations */ = {
			isa = PBXGroup;
			children = (
				666C988327871FCD00514C42 /* deleteAnimation.json */,
				66DC45A0277896C800CD1FB1 /* heartAnimation.json */,
			);
			path = Animations;
			sourceTree = "<group>";
		};
/* End PBXGroup section */

/* Begin PBXNativeTarget section */
		664A35F027722FA1001098FA /* CourseProject */ = {
			isa = PBXNativeTarget;
			buildConfigurationList = 664A360527722FA3001098FA /* Build configuration list for PBXNativeTarget "CourseProject" */;
			buildPhases = (
				4CB0A8947BEA2C77551A0915 /* [CP] Check Pods Manifest.lock */,
				664A35ED27722FA1001098FA /* Sources */,
				664A35EE27722FA1001098FA /* Frameworks */,
				664A35EF27722FA1001098FA /* Resources */,
				F06BE24D0F5688EEBC383969 /* [CP] Embed Pods Frameworks */,
			);
			buildRules = (
			);
			dependencies = (
			);
			name = CourseProject;
			productName = CourseProject;
			productReference = 664A35F127722FA1001098FA /* CourseProject.app */;
			productType = "com.apple.product-type.application";
		};
/* End PBXNativeTarget section */

/* Begin PBXProject section */
		664A35E927722FA1001098FA /* Project object */ = {
			isa = PBXProject;
			attributes = {
				BuildIndependentTargetsInParallel = 1;
				LastSwiftUpdateCheck = 1320;
				LastUpgradeCheck = 1320;
				TargetAttributes = {
					664A35F027722FA1001098FA = {
						CreatedOnToolsVersion = 13.2.1;
					};
				};
			};
			buildConfigurationList = 664A35EC27722FA1001098FA /* Build configuration list for PBXProject "CourseProject" */;
			compatibilityVersion = "Xcode 13.0";
			developmentRegion = en;
			hasScannedForEncodings = 0;
			knownRegions = (
				en,
				Base,
			);
			mainGroup = 664A35E827722FA1001098FA;
			productRefGroup = 664A35F227722FA1001098FA /* Products */;
			projectDirPath = "";
			projectRoot = "";
			targets = (
				664A35F027722FA1001098FA /* CourseProject */,
			);
		};
/* End PBXProject section */

/* Begin PBXResourcesBuildPhase section */
		664A35EF27722FA1001098FA /* Resources */ = {
			isa = PBXResourcesBuildPhase;
			buildActionMask = 2147483647;
			files = (
				660FF36927A2B42500223B02 /* Podfile in Resources */,
				664A360127722FA3001098FA /* LaunchScreen.storyboard in Resources */,
				666C988427871FCD00514C42 /* deleteAnimation.json in Resources */,
				664A360E2772413D001098FA /* TrendingCollectionViewCell.xib in Resources */,
				664A361527724215001098FA /* WatchLaterCollectionViewCell.xib in Resources */,
				664A35FC27722FA1001098FA /* Main.storyboard in Resources */,
				6676FC042777775900CC6FC1 /* Assets.xcassets in Resources */,
				66CF1CEC2775367100FBB614 /* DetailsCollectionViewCell.xib in Resources */,
				66DC45A1277896C800CD1FB1 /* heartAnimation.json in Resources */,
			);
			runOnlyForDeploymentPostprocessing = 0;
		};
/* End PBXResourcesBuildPhase section */

/* Begin PBXShellScriptBuildPhase section */
		4CB0A8947BEA2C77551A0915 /* [CP] Check Pods Manifest.lock */ = {
			isa = PBXShellScriptBuildPhase;
			buildActionMask = 2147483647;
			files = (
			);
			inputFileListPaths = (
			);
			inputPaths = (
				"${PODS_PODFILE_DIR_PATH}/Podfile.lock",
				"${PODS_ROOT}/Manifest.lock",
			);
			name = "[CP] Check Pods Manifest.lock";
			outputFileListPaths = (
			);
			outputPaths = (
				"$(DERIVED_FILE_DIR)/Pods-CourseProject-checkManifestLockResult.txt",
			);
			runOnlyForDeploymentPostprocessing = 0;
			shellPath = /bin/sh;
			shellScript = "diff \"${PODS_PODFILE_DIR_PATH}/Podfile.lock\" \"${PODS_ROOT}/Manifest.lock\" > /dev/null\nif [ $? != 0 ] ; then\n    # print error to STDERR\n    echo \"error: The sandbox is not in sync with the Podfile.lock. Run 'pod install' or update your CocoaPods installation.\" >&2\n    exit 1\nfi\n# This output is used by Xcode 'outputs' to avoid re-running this script phase.\necho \"SUCCESS\" > \"${SCRIPT_OUTPUT_FILE_0}\"\n";
			showEnvVarsInLog = 0;
		};
		F06BE24D0F5688EEBC383969 /* [CP] Embed Pods Frameworks */ = {
			isa = PBXShellScriptBuildPhase;
			buildActionMask = 2147483647;
			files = (
			);
			inputFileListPaths = (
				"${PODS_ROOT}/Target Support Files/Pods-CourseProject/Pods-CourseProject-frameworks-${CONFIGURATION}-input-files.xcfilelist",
			);
			name = "[CP] Embed Pods Frameworks";
			outputFileListPaths = (
				"${PODS_ROOT}/Target Support Files/Pods-CourseProject/Pods-CourseProject-frameworks-${CONFIGURATION}-output-files.xcfilelist",
			);
			runOnlyForDeploymentPostprocessing = 0;
			shellPath = /bin/sh;
			shellScript = "\"${PODS_ROOT}/Target Support Files/Pods-CourseProject/Pods-CourseProject-frameworks.sh\"\n";
			showEnvVarsInLog = 0;
		};
/* End PBXShellScriptBuildPhase section */

/* Begin PBXSourcesBuildPhase section */
		664A35ED27722FA1001098FA /* Sources */ = {
			isa = PBXSourcesBuildPhase;
			buildActionMask = 2147483647;
			files = (
				6699831F279DC41600E673CE /* WatchLaterViewControllerViewModel.swift in Sources */,
				6699831D279DB5CF00E673CE /* DetailsViewControllerViewModel.swift in Sources */,
				66F5E91927737A9B002F8EC1 /* DataManager.swift in Sources */,
				66CF1CEB2775367100FBB614 /* DetailsCollectionViewCell.swift in Sources */,
				6699B21B27766B09003A4402 /* TvCastResults.swift in Sources */,
				6676FBF327773E2600CC6FC1 /* MovieTrailersRelults.swift in Sources */,
				66998319279D81F600E673CE /* TvResultsToSaveToWatchLater.swift in Sources */,
				664A35F927722FA1001098FA /* TrendingViewController.swift in Sources */,
				668F11E02775C91800F7D968 /* MovieCastAndCrewResultsModel.swift in Sources */,
				668F11DF2775C91800F7D968 /* MovieCrewResults.swift in Sources */,
				668F11E22775CC2800F7D968 /* RequestManager.swift in Sources */,
				664A35F527722FA1001098FA /* AppDelegate.swift in Sources */,
				668F11DA2775C90E00F7D968 /* MoviesResults.swift in Sources */,
				6699B21A27766B09003A4402 /* TvCrewResults.swift in Sources */,
				66998317279D81CD00E673CE /* MoviesResultsToSaveToWatchLater.swift in Sources */,
				664A3610277241DB001098FA /* WatchLaterViewController.swift in Sources */,
				664A361427724215001098FA /* WatchLaterCollectionViewCell.swift in Sources */,
				668F11DE2775C91800F7D968 /* MovieCastResults.swift in Sources */,
				6699B21C27766B09003A4402 /* TvCastAndCrewResultsModel.swift in Sources */,
				6676FBF427773E2600CC6FC1 /* MovieTrailersRelultsModel.swift in Sources */,
				66822396279EF88E00664ED3 /* Constants.swift in Sources */,
				668F11D62775C8FF00F7D968 /* TvResultsModel.swift in Sources */,
				66822398279F53DA00664ED3 /* WatchLaterDeleteDelegate.swift in Sources */,
				6676FBF92777522900CC6FC1 /* TvTrailersRelultsModel.swift in Sources */,
				6699831B279D831F00E673CE /* TrendingViewControllerViewModel.swift in Sources */,
				6676FBFA2777522900CC6FC1 /* TvTrailersRelults.swift in Sources */,
				664A36172772425E001098FA /* DetailsViewController.swift in Sources */,
				664A360D2772413D001098FA /* TrendingCollectionViewCell.swift in Sources */,
				668F11D52775C8FF00F7D968 /* TvResults.swift in Sources */,
				664A35F727722FA1001098FA /* SceneDelegate.swift in Sources */,
				668F11D92775C90E00F7D968 /* MoviesResultsModel.swift in Sources */,
			);
			runOnlyForDeploymentPostprocessing = 0;
		};
/* End PBXSourcesBuildPhase section */

/* Begin PBXVariantGroup section */
		664A35FA27722FA1001098FA /* Main.storyboard */ = {
			isa = PBXVariantGroup;
			children = (
				664A35FB27722FA1001098FA /* Base */,
			);
			name = Main.storyboard;
			sourceTree = "<group>";
		};
		664A35FF27722FA3001098FA /* LaunchScreen.storyboard */ = {
			isa = PBXVariantGroup;
			children = (
				664A360027722FA3001098FA /* Base */,
			);
			name = LaunchScreen.storyboard;
			sourceTree = "<group>";
		};
/* End PBXVariantGroup section */

/* Begin XCBuildConfiguration section */
		664A360327722FA3001098FA /* Debug */ = {
			isa = XCBuildConfiguration;
			buildSettings = {
				ALWAYS_SEARCH_USER_PATHS = NO;
				CLANG_ANALYZER_NONNULL = YES;
				CLANG_ANALYZER_NUMBER_OBJECT_CONVERSION = YES_AGGRESSIVE;
				CLANG_CXX_LANGUAGE_STANDARD = "gnu++17";
				CLANG_CXX_LIBRARY = "libc++";
				CLANG_ENABLE_MODULES = YES;
				CLANG_ENABLE_OBJC_ARC = YES;
				CLANG_ENABLE_OBJC_WEAK = YES;
				CLANG_WARN_BLOCK_CAPTURE_AUTORELEASING = YES;
				CLANG_WARN_BOOL_CONVERSION = YES;
				CLANG_WARN_COMMA = YES;
				CLANG_WARN_CONSTANT_CONVERSION = YES;
				CLANG_WARN_DEPRECATED_OBJC_IMPLEMENTATIONS = YES;
				CLANG_WARN_DIRECT_OBJC_ISA_USAGE = YES_ERROR;
				CLANG_WARN_DOCUMENTATION_COMMENTS = YES;
				CLANG_WARN_EMPTY_BODY = YES;
				CLANG_WARN_ENUM_CONVERSION = YES;
				CLANG_WARN_INFINITE_RECURSION = YES;
				CLANG_WARN_INT_CONVERSION = YES;
				CLANG_WARN_NON_LITERAL_NULL_CONVERSION = YES;
				CLANG_WARN_OBJC_IMPLICIT_RETAIN_SELF = YES;
				CLANG_WARN_OBJC_LITERAL_CONVERSION = YES;
				CLANG_WARN_OBJC_ROOT_CLASS = YES_ERROR;
				CLANG_WARN_QUOTED_INCLUDE_IN_FRAMEWORK_HEADER = YES;
				CLANG_WARN_RANGE_LOOP_ANALYSIS = YES;
				CLANG_WARN_STRICT_PROTOTYPES = YES;
				CLANG_WARN_SUSPICIOUS_MOVE = YES;
				CLANG_WARN_UNGUARDED_AVAILABILITY = YES_AGGRESSIVE;
				CLANG_WARN_UNREACHABLE_CODE = YES;
				CLANG_WARN__DUPLICATE_METHOD_MATCH = YES;
				COPY_PHASE_STRIP = NO;
				DEBUG_INFORMATION_FORMAT = dwarf;
				ENABLE_STRICT_OBJC_MSGSEND = YES;
				ENABLE_TESTABILITY = YES;
				GCC_C_LANGUAGE_STANDARD = gnu11;
				GCC_DYNAMIC_NO_PIC = NO;
				GCC_NO_COMMON_BLOCKS = YES;
				GCC_OPTIMIZATION_LEVEL = 0;
				GCC_PREPROCESSOR_DEFINITIONS = (
					"DEBUG=1",
					"$(inherited)",
				);
				GCC_WARN_64_TO_32_BIT_CONVERSION = YES;
				GCC_WARN_ABOUT_RETURN_TYPE = YES_ERROR;
				GCC_WARN_UNDECLARED_SELECTOR = YES;
				GCC_WARN_UNINITIALIZED_AUTOS = YES_AGGRESSIVE;
				GCC_WARN_UNUSED_FUNCTION = YES;
				GCC_WARN_UNUSED_VARIABLE = YES;
				IPHONEOS_DEPLOYMENT_TARGET = 15.2;
				MTL_ENABLE_DEBUG_INFO = INCLUDE_SOURCE;
				MTL_FAST_MATH = YES;
				ONLY_ACTIVE_ARCH = YES;
				SDKROOT = iphoneos;
				SWIFT_ACTIVE_COMPILATION_CONDITIONS = DEBUG;
				SWIFT_OPTIMIZATION_LEVEL = "-Onone";
			};
			name = Debug;
		};
		664A360427722FA3001098FA /* Release */ = {
			isa = XCBuildConfiguration;
			buildSettings = {
				ALWAYS_SEARCH_USER_PATHS = NO;
				CLANG_ANALYZER_NONNULL = YES;
				CLANG_ANALYZER_NUMBER_OBJECT_CONVERSION = YES_AGGRESSIVE;
				CLANG_CXX_LANGUAGE_STANDARD = "gnu++17";
				CLANG_CXX_LIBRARY = "libc++";
				CLANG_ENABLE_MODULES = YES;
				CLANG_ENABLE_OBJC_ARC = YES;
				CLANG_ENABLE_OBJC_WEAK = YES;
				CLANG_WARN_BLOCK_CAPTURE_AUTORELEASING = YES;
				CLANG_WARN_BOOL_CONVERSION = YES;
				CLANG_WARN_COMMA = YES;
				CLANG_WARN_CONSTANT_CONVERSION = YES;
				CLANG_WARN_DEPRECATED_OBJC_IMPLEMENTATIONS = YES;
				CLANG_WARN_DIRECT_OBJC_ISA_USAGE = YES_ERROR;
				CLANG_WARN_DOCUMENTATION_COMMENTS = YES;
				CLANG_WARN_EMPTY_BODY = YES;
				CLANG_WARN_ENUM_CONVERSION = YES;
				CLANG_WARN_INFINITE_RECURSION = YES;
				CLANG_WARN_INT_CONVERSION = YES;
				CLANG_WARN_NON_LITERAL_NULL_CONVERSION = YES;
				CLANG_WARN_OBJC_IMPLICIT_RETAIN_SELF = YES;
				CLANG_WARN_OBJC_LITERAL_CONVERSION = YES;
				CLANG_WARN_OBJC_ROOT_CLASS = YES_ERROR;
				CLANG_WARN_QUOTED_INCLUDE_IN_FRAMEWORK_HEADER = YES;
				CLANG_WARN_RANGE_LOOP_ANALYSIS = YES;
				CLANG_WARN_STRICT_PROTOTYPES = YES;
				CLANG_WARN_SUSPICIOUS_MOVE = YES;
				CLANG_WARN_UNGUARDED_AVAILABILITY = YES_AGGRESSIVE;
				CLANG_WARN_UNREACHABLE_CODE = YES;
				CLANG_WARN__DUPLICATE_METHOD_MATCH = YES;
				COPY_PHASE_STRIP = NO;
				DEBUG_INFORMATION_FORMAT = "dwarf-with-dsym";
				ENABLE_NS_ASSERTIONS = NO;
				ENABLE_STRICT_OBJC_MSGSEND = YES;
				GCC_C_LANGUAGE_STANDARD = gnu11;
				GCC_NO_COMMON_BLOCKS = YES;
				GCC_WARN_64_TO_32_BIT_CONVERSION = YES;
				GCC_WARN_ABOUT_RETURN_TYPE = YES_ERROR;
				GCC_WARN_UNDECLARED_SELECTOR = YES;
				GCC_WARN_UNINITIALIZED_AUTOS = YES_AGGRESSIVE;
				GCC_WARN_UNUSED_FUNCTION = YES;
				GCC_WARN_UNUSED_VARIABLE = YES;
				IPHONEOS_DEPLOYMENT_TARGET = 15.2;
				MTL_ENABLE_DEBUG_INFO = NO;
				MTL_FAST_MATH = YES;
				SDKROOT = iphoneos;
				SWIFT_COMPILATION_MODE = wholemodule;
				SWIFT_OPTIMIZATION_LEVEL = "-O";
				VALIDATE_PRODUCT = YES;
			};
			name = Release;
		};
		664A360627722FA3001098FA /* Debug */ = {
			isa = XCBuildConfiguration;
			baseConfigurationReference = 081021ADDDA201CD0E9881EA /* Pods-CourseProject.debug.xcconfig */;
			buildSettings = {
				ASSETCATALOG_COMPILER_APPICON_NAME = AppIcon;
				ASSETCATALOG_COMPILER_GLOBAL_ACCENT_COLOR_NAME = AccentColor;
				CODE_SIGN_STYLE = Automatic;
				CURRENT_PROJECT_VERSION = 1;
				DEVELOPMENT_TEAM = 5SL6Y86ZKW;
				GENERATE_INFOPLIST_FILE = YES;
				INFOPLIST_FILE = CourseProject/Info.plist;
				INFOPLIST_KEY_UIApplicationSupportsIndirectInputEvents = YES;
				INFOPLIST_KEY_UILaunchStoryboardName = LaunchScreen;
				INFOPLIST_KEY_UIMainStoryboardFile = Main;
				INFOPLIST_KEY_UISupportedInterfaceOrientations_iPad = "UIInterfaceOrientationPortrait UIInterfaceOrientationPortraitUpsideDown UIInterfaceOrientationLandscapeLeft UIInterfaceOrientationLandscapeRight";
				INFOPLIST_KEY_UISupportedInterfaceOrientations_iPhone = "UIInterfaceOrientationPortrait UIInterfaceOrientationLandscapeLeft UIInterfaceOrientationLandscapeRight";
				IPHONEOS_DEPLOYMENT_TARGET = 15.2;
				LD_RUNPATH_SEARCH_PATHS = (
					"$(inherited)",
					"@executable_path/Frameworks",
				);
				MARKETING_VERSION = 1.0;
				PRODUCT_BUNDLE_IDENTIFIER = "Kupriienko-Dmytro.CourseProject";
				PRODUCT_NAME = "$(TARGET_NAME)";
				SWIFT_EMIT_LOC_STRINGS = YES;
				SWIFT_VERSION = 5.0;
				TARGETED_DEVICE_FAMILY = "1,2";
			};
			name = Debug;
		};
		664A360727722FA3001098FA /* Release */ = {
			isa = XCBuildConfiguration;
			baseConfigurationReference = 12A5117487603143D74A4446 /* Pods-CourseProject.release.xcconfig */;
			buildSettings = {
				ASSETCATALOG_COMPILER_APPICON_NAME = AppIcon;
				ASSETCATALOG_COMPILER_GLOBAL_ACCENT_COLOR_NAME = AccentColor;
				CODE_SIGN_STYLE = Automatic;
				CURRENT_PROJECT_VERSION = 1;
				DEVELOPMENT_TEAM = 5SL6Y86ZKW;
				GENERATE_INFOPLIST_FILE = YES;
				INFOPLIST_FILE = CourseProject/Info.plist;
				INFOPLIST_KEY_UIApplicationSupportsIndirectInputEvents = YES;
				INFOPLIST_KEY_UILaunchStoryboardName = LaunchScreen;
				INFOPLIST_KEY_UIMainStoryboardFile = Main;
				INFOPLIST_KEY_UISupportedInterfaceOrientations_iPad = "UIInterfaceOrientationPortrait UIInterfaceOrientationPortraitUpsideDown UIInterfaceOrientationLandscapeLeft UIInterfaceOrientationLandscapeRight";
				INFOPLIST_KEY_UISupportedInterfaceOrientations_iPhone = "UIInterfaceOrientationPortrait UIInterfaceOrientationLandscapeLeft UIInterfaceOrientationLandscapeRight";
				IPHONEOS_DEPLOYMENT_TARGET = 15.2;
				LD_RUNPATH_SEARCH_PATHS = (
					"$(inherited)",
					"@executable_path/Frameworks",
				);
				MARKETING_VERSION = 1.0;
				PRODUCT_BUNDLE_IDENTIFIER = "Kupriienko-Dmytro.CourseProject";
				PRODUCT_NAME = "$(TARGET_NAME)";
				SWIFT_EMIT_LOC_STRINGS = YES;
				SWIFT_VERSION = 5.0;
				TARGETED_DEVICE_FAMILY = "1,2";
			};
			name = Release;
		};
/* End XCBuildConfiguration section */

/* Begin XCConfigurationList section */
		664A35EC27722FA1001098FA /* Build configuration list for PBXProject "CourseProject" */ = {
			isa = XCConfigurationList;
			buildConfigurations = (
				664A360327722FA3001098FA /* Debug */,
				664A360427722FA3001098FA /* Release */,
			);
			defaultConfigurationIsVisible = 0;
			defaultConfigurationName = Release;
		};
		664A360527722FA3001098FA /* Build configuration list for PBXNativeTarget "CourseProject" */ = {
			isa = XCConfigurationList;
			buildConfigurations = (
				664A360627722FA3001098FA /* Debug */,
				664A360727722FA3001098FA /* Release */,
			);
			defaultConfigurationIsVisible = 0;
			defaultConfigurationName = Release;
		};
/* End XCConfigurationList section */
	};
	rootObject = 664A35E927722FA1001098FA /* Project object */;
}
